
Microsoft Visual Studio Solution File, Format Version 12.00
# Visual Studio Version 16
VisualStudioVersion = 25.0.1705.4
MinimumVisualStudioVersion = 10.0.40219.1
Project("{FAE04EC0-301F-11D3-BF4B-00C04F79EFBC}") = "iniciosSLO", "iniciosSLO\iniciosSLO.csproj", "{37C05E71-771A-47FF-BB28-6A9672D2551E}"
EndProject
Global
	GlobalSection(SolutionConfigurationPlatforms) = preSolution
		Debug|Any CPU = Debug|Any CPU
		Release|Any CPU = Release|Any CPU
	EndGlobalSection
	GlobalSection(ProjectConfigurationPlatforms) = postSolution
		{37C05E71-771A-47FF-BB28-6A9672D2551E}.Debug|Any CPU.ActiveCfg = Debug|Any CPU
		{37C05E71-771A-47FF-BB28-6A9672D2551E}.Debug|Any CPU.Build.0 = Debug|Any CPU
		{37C05E71-771A-47FF-BB28-6A9672D2551E}.Release|Any CPU.ActiveCfg = Release|Any CPU
		{37C05E71-771A-47FF-BB28-6A9672D2551E}.Release|Any CPU.Build.0 = Release|Any CPU
	EndGlobalSection
	GlobalSection(SolutionProperties) = preSolution
		HideSolutionNode = FALSE
	EndGlobalSection
	GlobalSection(ExtensibilityGlobals) = postSolution
		SolutionGuid = {B6A48A3F-AD9B-4A08-8C2E-93EA1D5E2121}
	EndGlobalSection
EndGlobal
